Microsoft Visual Studio Solution File, Format Version 12.00
# Visual Studio Version 17
VisualStudioVersion = 17.5.2.0
MinimumVisualStudioVersion = 10.0.40219.1
Project("{FAE04EC0-301F-11D3-BF4B-00C04F79EFBC}") = "Bai3", "Bai3.csproj", "{89757D04-EE26-B6D1-3F3C-B00579866FF9}"
EndProject
Global
	GlobalSection(SolutionConfigurationPlatforms) = preSolution
		Debug|Any CPU = Debug|Any CPU
		Release|Any CPU = Release|Any CPU
	EndGlobalSection
	GlobalSection(ProjectConfigurationPlatforms) = postSolution
		{89757D04-EE26-B6D1-3F3C-B00579866FF9}.Debug|Any CPU.ActiveCfg = Debug|Any CPU
		{89757D04-EE26-B6D1-3F3C-B00579866FF9}.Debug|Any CPU.Build.0 = Debug|Any CPU
		{89757D04-EE26-B6D1-3F3C-B00579866FF9}.Release|Any CPU.ActiveCfg = Release|Any CPU
		{89757D04-EE26-B6D1-3F3C-B00579866FF9}.Release|Any CPU.Build.0 = Release|Any CPU
	EndGlobalSection
	GlobalSection(SolutionProperties) = preSolution
		HideSolutionNode = FALSE
	EndGlobalSection
	GlobalSection(ExtensibilityGlobals) = postSolution
		SolutionGuid = {91910FBD-DC94-4BD6-A36D-EEE49C954359}
	EndGlobalSection
EndGlobal
